
Microsoft Visual Studio Solution File, Format Version 12.00
# Visual Studio Version 17
VisualStudioVersion = 17.4.33110.190
MinimumVisualStudioVersion = 10.0.40219.1
Project("{FAE04EC0-301F-11D3-BF4B-00C04F79EFBC}") = "Projekt_PaniW", "Projekt_PaniW\Projekt_PaniW.csproj", "{EB1150FC-4A4E-454C-8B41-1B2C7B65CBA6}"
EndProject
Global
	GlobalSection(SolutionConfigurationPlatforms) = preSolution
		Debug|Any CPU = Debug|Any CPU
		Release|Any CPU = Release|Any CPU
	EndGlobalSection
	GlobalSection(ProjectConfigurationPlatforms) = postSolution
		{EB1150FC-4A4E-454C-8B41-1B2C7B65CBA6}.Debug|Any CPU.ActiveCfg = Debug|Any CPU
		{EB1150FC-4A4E-454C-8B41-1B2C7B65CBA6}.Debug|Any CPU.Build.0 = Debug|Any CPU
		{EB1150FC-4A4E-454C-8B41-1B2C7B65CBA6}.Release|Any CPU.ActiveCfg = Release|Any CPU
		{EB1150FC-4A4E-454C-8B41-1B2C7B65CBA6}.Release|Any CPU.Build.0 = Release|Any CPU
	EndGlobalSection
	GlobalSection(SolutionProperties) = preSolution
		HideSolutionNode = FALSE
	EndGlobalSection
	GlobalSection(ExtensibilityGlobals) = postSolution
		SolutionGuid = {C10C6143-9572-4A8A-8EA0-9D1FFB3E67A5}
	EndGlobalSection
EndGlobal
